
Microsoft Visual Studio Solution File, Format Version 12.00
# Visual Studio Version 17
VisualStudioVersion = 17.0.31903.59
MinimumVisualStudioVersion = 10.0.40219.1
Project("{FAE04EC0-301F-11D3-BF4B-00C04F79EFBC}") = "HomeOps.Api", "src\HomeOps.Api\HomeOps.Api.csproj", "{B20482E7-D4EC-4E72-A638-9C39AF7948EA}"
EndProject
Global
	GlobalSection(SolutionConfigurationPlatforms) = preSolution
		Debug|Any CPU = Debug|Any CPU
		Release|Any CPU = Release|Any CPU
	EndGlobalSection
	GlobalSection(ProjectConfigurationPlatforms) = postSolution
		{B20482E7-D4EC-4E72-A638-9C39AF7948EA}.Debug|Any CPU.ActiveCfg = Debug|Any CPU
		{B20482E7-D4EC-4E72-A638-9C39AF7948EA}.Debug|Any CPU.Build.0 = Debug|Any CPU
		{B20482E7-D4EC-4E72-A638-9C39AF7948EA}.Release|Any CPU.ActiveCfg = Release|Any CPU
		{B20482E7-D4EC-4E72-A638-9C39AF7948EA}.Release|Any CPU.Build.0 = Release|Any CPU
	EndGlobalSection
EndGlobal
